{
  "name": "@qlik/picasso-q",
  "version": "0.33.0",
  "lockfileVersion": 1,
  "requires": true,
  "dependencies": {
    "d3-hierarchy": {
      "version": "1.1.5",
      "resolved": "https://registry.npmjs.org/d3-hierarchy/-/d3-hierarchy-1.1.5.tgz",
      "integrity": "sha1-ochFxC+Eoga88cAcAQmOpN2qeiY=",
      "dev": true
    },
    "extend": {
      "version": "3.0.1",
      "resolved": "https://registry.npmjs.org/extend/-/extend-3.0.1.tgz",
      "integrity": "sha1-p1Xqe8Gt/MWjHOfnYtuq3F5jZEQ=",
      "dev": true
    },
    "number-format.js": {
      "version": "1.1.11",
      "resolved": "https://registry.npmjs.org/number-format.js/-/number-format.js-1.1.11.tgz",
      "integrity": "sha1-3u9sQbh4C+T62RX++rVF2nihixI=",
      "dev": true
    }
  }
}
