{
  "name": "@qlik/picasso-q",
  "version": "0.26.0",
  "lockfileVersion": 1,
  "requires": true,
  "dependencies": {
    "number-format.js": {
      "version": "1.1.11",
      "resolved": "https://registry.npmjs.org/number-format.js/-/number-format.js-1.1.11.tgz",
      "integrity": "sha1-3u9sQbh4C+T62RX++rVF2nihixI=",
      "dev": true
    }
  }
}
